{
	"name": "portfolio",
	"lockfileVersion": 3,
	"requires": true,
	"packages": {
		"": {
			"name": "portfolio",
			"dependencies": {
				"esbuild": "^0.21.4",
				"kaboom": "^3000.1.17",
				"phaser": "^3.80.1"
			}
		},
		"node_modules/@esbuild/win32-x64": {
			"version": "0.21.4",
			"resolved": "https://registry.npmjs.org/@esbuild/win32-x64/-/win32-x64-0.21.4.tgz",
			"integrity": "sha512-sywLRD3UK/qRJt0oBwdpYLBibk7KiRfbswmWRDabuncQYSlf8aLEEUor/oP6KRz8KEG+HoiVLBhPRD5JWjS8Sg==",
			"cpu": [
				"x64"
			],
			"license": "MIT",
			"optional": true,
			"os": [
				"win32"
			],
			"engines": {
				"node": ">=12"
			}
		},
		"node_modules/esbuild": {
			"version": "0.21.4",
			"resolved": "https://registry.npmjs.org/esbuild/-/esbuild-0.21.4.tgz",
			"integrity": "sha512-sFMcNNrj+Q0ZDolrp5pDhH0nRPN9hLIM3fRPwgbLYJeSHHgnXSnbV3xYgSVuOeLWH9c73VwmEverVzupIv5xuA==",
			"hasInstallScript": true,
			"license": "MIT",
			"bin": {
				"esbuild": "bin/esbuild"
			},
			"engines": {
				"node": ">=12"
			},
			"optionalDependencies": {
				"@esbuild/aix-ppc64": "0.21.4",
				"@esbuild/android-arm": "0.21.4",
				"@esbuild/android-arm64": "0.21.4",
				"@esbuild/android-x64": "0.21.4",
				"@esbuild/darwin-arm64": "0.21.4",
				"@esbuild/darwin-x64": "0.21.4",
				"@esbuild/freebsd-arm64": "0.21.4",
				"@esbuild/freebsd-x64": "0.21.4",
				"@esbuild/linux-arm": "0.21.4",
				"@esbuild/linux-arm64": "0.21.4",
				"@esbuild/linux-ia32": "0.21.4",
				"@esbuild/linux-loong64": "0.21.4",
				"@esbuild/linux-mips64el": "0.21.4",
				"@esbuild/linux-ppc64": "0.21.4",
				"@esbuild/linux-riscv64": "0.21.4",
				"@esbuild/linux-s390x": "0.21.4",
				"@esbuild/linux-x64": "0.21.4",
				"@esbuild/netbsd-x64": "0.21.4",
				"@esbuild/openbsd-x64": "0.21.4",
				"@esbuild/sunos-x64": "0.21.4",
				"@esbuild/win32-arm64": "0.21.4",
				"@esbuild/win32-ia32": "0.21.4",
				"@esbuild/win32-x64": "0.21.4"
			}
		},
		"node_modules/eventemitter3": {
			"version": "5.0.1",
			"resolved": "https://registry.npmjs.org/eventemitter3/-/eventemitter3-5.0.1.tgz",
			"integrity": "sha512-GWkBvjiSZK87ELrYOSESUYeVIc9mvLLf/nXalMOS5dYrgZq9o5OVkbZAVM06CVxYsCwH9BDZFPlQTlPA1j4ahA=="
		},
		"node_modules/kaboom": {
			"version": "3000.1.17",
			"resolved": "https://registry.npmjs.org/kaboom/-/kaboom-3000.1.17.tgz",
			"integrity": "sha512-npAtjGxj9Oj9vLpXfURck9eUPHR2ac1Lhc1bNcZ0NWcs+Lgs40Ty+wjujv1C2DwjWvxaX+3r2G64M35BS/Ry2g==",
			"license": "MIT"
		},
		"node_modules/phaser": {
			"version": "3.80.1",
			"resolved": "https://registry.npmjs.org/phaser/-/phaser-3.80.1.tgz",
			"integrity": "sha512-VQGAWoDOkEpAWYkI+PUADv5Ql+SM0xpLuAMBJHz9tBcOLqjJ2wd8bUhxJgOqclQlLTg97NmMd9MhS75w16x1Cw==",
			"dependencies": {
				"eventemitter3": "^5.0.1"
			}
		}
	}
}
